
Microsoft Visual Studio Solution File, Format Version 12.00
# Visual Studio Version 17
VisualStudioVersion = 17.14.37502.11 d17.14
MinimumVisualStudioVersion = 10.0.40219.1
Project("{FAE04EC0-301F-11D3-BF4B-00C04F79EFBC}") = "TheSampleApi", "TheSampleApi\TheSampleApi.csproj", "{D8B00966-AD44-4824-AB8D-C1AD30E0D098}"
EndProject
Global
	GlobalSection(SolutionConfigurationPlatforms) = preSolution
		Debug|Any CPU = Debug|Any CPU
		Release|Any CPU = Release|Any CPU
	EndGlobalSection
	GlobalSection(ProjectConfigurationPlatforms) = postSolution
		{D8B00966-AD44-4824-AB8D-C1AD30E0D098}.Debug|Any CPU.ActiveCfg = Debug|Any CPU
		{D8B00966-AD44-4824-AB8D-C1AD30E0D098}.Debug|Any CPU.Build.0 = Debug|Any CPU
		{D8B00966-AD44-4824-AB8D-C1AD30E0D098}.Release|Any CPU.ActiveCfg = Release|Any CPU
		{D8B00966-AD44-4824-AB8D-C1AD30E0D098}.Release|Any CPU.Build.0 = Release|Any CPU
	EndGlobalSection
	GlobalSection(SolutionProperties) = preSolution
		HideSolutionNode = FALSE
	EndGlobalSection
	GlobalSection(ExtensibilityGlobals) = postSolution
		SolutionGuid = {79A9071B-AF9A-498A-ACD1-4C6643D26393}
	EndGlobalSection
EndGlobal
